// !$*UTF8*$!
{
	archiveVersion = 1;
	classes = {
	};
	objectVersion = 55;
	objects = {

/* Begin PBXBuildFile section */
		44FF1DEF53CFAF557FB9C6D8 /* Pods_TestTableViewFromJsonApp.framework in Frameworks */ = {isa = PBXBuildFile; fileRef = 062C649B90E1BEEB2A520000 /* Pods_TestTableViewFromJsonApp.framework */; };
		90452AB92A3BC64B00452B63 /* EmployeeResponseModel.swift in Sources */ = {isa = PBXBuildFile; fileRef = 90452AB82A3BC64B00452B63 /* EmployeeResponseModel.swift */; };
		907D7E782A3B389700315F16 /* AppDelegate.swift in Sources */ = {isa = PBXBuildFile; fileRef = 907D7E772A3B389700315F16 /* AppDelegate.swift */; };
		907D7E7A2A3B389700315F16 /* SceneDelegate.swift in Sources */ = {isa = PBXBuildFile; fileRef = 907D7E792A3B389700315F16 /* SceneDelegate.swift */; };
		907D7E7C2A3B389700315F16 /* MainViewController.swift in Sources */ = {isa = PBXBuildFile; fileRef = 907D7E7B2A3B389700315F16 /* MainViewController.swift */; };
		907D7E812A3B389900315F16 /* Assets.xcassets in Resources */ = {isa = PBXBuildFile; fileRef = 907D7E802A3B389900315F16 /* Assets.xcassets */; };
		907D7E842A3B389900315F16 /* LaunchScreen.storyboard in Resources */ = {isa = PBXBuildFile; fileRef = 907D7E822A3B389900315F16 /* LaunchScreen.storyboard */; };
		90E358872A3B54F700776841 /* NetworkManager.swift in Sources */ = {isa = PBXBuildFile; fileRef = 90E358862A3B54F700776841 /* NetworkManager.swift */; };
		90E3588A2A3B6E5C00776841 /* Constants.swift in Sources */ = {isa = PBXBuildFile; fileRef = 90E358892A3B6E5C00776841 /* Constants.swift */; };
/* End PBXBuildFile section */

/* Begin PBXFileReference section */
		062C649B90E1BEEB2A520000 /* Pods_TestTableViewFromJsonApp.framework */ = {isa = PBXFileReference; explicitFileType = wrapper.framework; includeInIndex = 0; path = Pods_TestTableViewFromJsonApp.framework; sourceTree = BUILT_PRODUCTS_DIR; };
		76BB3714EC712F873824FFCC /* Pods-TestTableViewFromJsonApp.release.xcconfig */ = {isa = PBXFileReference; includeInIndex = 1; lastKnownFileType = text.xcconfig; name = "Pods-TestTableViewFromJsonApp.release.xcconfig"; path = "Target Support Files/Pods-TestTableViewFromJsonApp/Pods-TestTableViewFromJsonApp.release.xcconfig"; sourceTree = "<group>"; };
		90452AB82A3BC64B00452B63 /* EmployeeResponseModel.swift */ = {isa = PBXFileReference; lastKnownFileType = sourcecode.swift; path = EmployeeResponseModel.swift; sourceTree = "<group>"; };
		907D7E742A3B389700315F16 /* TestTableViewFromJsonApp.app */ = {isa = PBXFileReference; explicitFileType = wrapper.application; includeInIndex = 0; path = TestTableViewFromJsonApp.app; sourceTree = BUILT_PRODUCTS_DIR; };
		907D7E772A3B389700315F16 /* AppDelegate.swift */ = {isa = PBXFileReference; lastKnownFileType = sourcecode.swift; path = AppDelegate.swift; sourceTree = "<group>"; };
		907D7E792A3B389700315F16 /* SceneDelegate.swift */ = {isa = PBXFileReference; lastKnownFileType = sourcecode.swift; path = SceneDelegate.swift; sourceTree = "<group>"; };
		907D7E7B2A3B389700315F16 /* MainViewController.swift */ = {isa = PBXFileReference; lastKnownFileType = sourcecode.swift; path = MainViewController.swift; sourceTree = "<group>"; };
		907D7E802A3B389900315F16 /* Assets.xcassets */ = {isa = PBXFileReference; lastKnownFileType = folder.assetcatalog; path = Assets.xcassets; sourceTree = "<group>"; };
		907D7E832A3B389900315F16 /* Base */ = {isa = PBXFileReference; lastKnownFileType = file.storyboard; name = Base; path = Base.lproj/LaunchScreen.storyboard; sourceTree = "<group>"; };
		907D7E852A3B389900315F16 /* Info.plist */ = {isa = PBXFileReference; lastKnownFileType = text.plist.xml; path = Info.plist; sourceTree = "<group>"; };
		90E358862A3B54F700776841 /* NetworkManager.swift */ = {isa = PBXFileReference; lastKnownFileType = sourcecode.swift; path = NetworkManager.swift; sourceTree = "<group>"; };
		90E358892A3B6E5C00776841 /* Constants.swift */ = {isa = PBXFileReference; lastKnownFileType = sourcecode.swift; path = Constants.swift; sourceTree = "<group>"; };
		A26D6611EBFC02256DBDF2DA /* Pods-TestTableViewFromJsonApp.debug.xcconfig */ = {isa = PBXFileReference; includeInIndex = 1; lastKnownFileType = text.xcconfig; name = "Pods-TestTableViewFromJsonApp.debug.xcconfig"; path = "Target Support Files/Pods-TestTableViewFromJsonApp/Pods-TestTableViewFromJsonApp.debug.xcconfig"; sourceTree = "<group>"; };
/* End PBXFileReference section */

/* Begin PBXFrameworksBuildPhase section */
		907D7E712A3B389700315F16 /* Frameworks */ = {
			isa = PBXFrameworksBuildPhase;
			buildActionMask = 2147483647;
			files = (
				44FF1DEF53CFAF557FB9C6D8 /* Pods_TestTableViewFromJsonApp.framework in Frameworks */,
			);
			runOnlyForDeploymentPostprocessing = 0;
		};
/* End PBXFrameworksBuildPhase section */

/* Begin PBXGroup section */
		43A319A7F5B7D6F7A65A40BE /* Pods */ = {
			isa = PBXGroup;
			children = (
				A26D6611EBFC02256DBDF2DA /* Pods-TestTableViewFromJsonApp.debug.xcconfig */,
				76BB3714EC712F873824FFCC /* Pods-TestTableViewFromJsonApp.release.xcconfig */,
			);
			path = Pods;
			sourceTree = "<group>";
		};
		90452AAB2A3BA8CF00452B63 /* Resources */ = {
			isa = PBXGroup;
			children = (
				907D7E802A3B389900315F16 /* Assets.xcassets */,
				907D7E852A3B389900315F16 /* Info.plist */,
			);
			path = Resources;
			sourceTree = "<group>";
		};
		90452AAC2A3BAD7700452B63 /* Screens */ = {
			isa = PBXGroup;
			children = (
				90452AAE2A3BADA700452B63 /* Details */,
				90452AAD2A3BAD8100452B63 /* Main */,
			);
			path = Screens;
			sourceTree = "<group>";
		};
		90452AAD2A3BAD8100452B63 /* Main */ = {
			isa = PBXGroup;
			children = (
				907D7E7B2A3B389700315F16 /* MainViewController.swift */,
			);
			path = Main;
			sourceTree = "<group>";
		};
		90452AAE2A3BADA700452B63 /* Details */ = {
			isa = PBXGroup;
			children = (
			);
			path = Details;
			sourceTree = "<group>";
		};
		90452AB72A3BC5F500452B63 /* Models */ = {
			isa = PBXGroup;
			children = (
				90452AB82A3BC64B00452B63 /* EmployeeResponseModel.swift */,
			);
			name = Models;
			sourceTree = "<group>";
		};
		907D7E6B2A3B389700315F16 = {
			isa = PBXGroup;
			children = (
				907D7E762A3B389700315F16 /* TestTableViewFromJsonApp */,
				907D7E752A3B389700315F16 /* Products */,
				43A319A7F5B7D6F7A65A40BE /* Pods */,
				9B921CBD2F2CE277EA6433C3 /* Frameworks */,
			);
			sourceTree = "<group>";
		};
		907D7E752A3B389700315F16 /* Products */ = {
			isa = PBXGroup;
			children = (
				907D7E742A3B389700315F16 /* TestTableViewFromJsonApp.app */,
			);
			name = Products;
			sourceTree = "<group>";
		};
		907D7E762A3B389700315F16 /* TestTableViewFromJsonApp */ = {
			isa = PBXGroup;
			children = (
				90452AB72A3BC5F500452B63 /* Models */,
				90E358882A3B6DD900776841 /* Common */,
				90E358852A3B540600776841 /* Delegates */,
				907D7E822A3B389900315F16 /* LaunchScreen.storyboard */,
				90E358842A3B53E900776841 /* Managers */,
				90452AAB2A3BA8CF00452B63 /* Resources */,
				90452AAC2A3BAD7700452B63 /* Screens */,
			);
			path = TestTableViewFromJsonApp;
			sourceTree = "<group>";
		};
		90E358842A3B53E900776841 /* Managers */ = {
			isa = PBXGroup;
			children = (
				90E358862A3B54F700776841 /* NetworkManager.swift */,
			);
			path = Managers;
			sourceTree = "<group>";
		};
		90E358852A3B540600776841 /* Delegates */ = {
			isa = PBXGroup;
			children = (
				907D7E792A3B389700315F16 /* SceneDelegate.swift */,
				907D7E772A3B389700315F16 /* AppDelegate.swift */,
			);
			path = Delegates;
			sourceTree = "<group>";
		};
		90E358882A3B6DD900776841 /* Common */ = {
			isa = PBXGroup;
			children = (
				90E358892A3B6E5C00776841 /* Constants.swift */,
			);
			path = Common;
			sourceTree = "<group>";
		};
		9B921CBD2F2CE277EA6433C3 /* Frameworks */ = {
			isa = PBXGroup;
			children = (
				062C649B90E1BEEB2A520000 /* Pods_TestTableViewFromJsonApp.framework */,
			);
			name = Frameworks;
			sourceTree = "<group>";
		};
/* End PBXGroup section */

/* Begin PBXNativeTarget section */
		907D7E732A3B389700315F16 /* TestTableViewFromJsonApp */ = {
			isa = PBXNativeTarget;
			buildConfigurationList = 907D7E882A3B389900315F16 /* Build configuration list for PBXNativeTarget "TestTableViewFromJsonApp" */;
			buildPhases = (
				234A63BD864F76F57A794E82 /* [CP] Check Pods Manifest.lock */,
				907D7E702A3B389700315F16 /* Sources */,
				907D7E712A3B389700315F16 /* Frameworks */,
				907D7E722A3B389700315F16 /* Resources */,
				77097120A2DE20B7A9B8B3C6 /* [CP] Embed Pods Frameworks */,
			);
			buildRules = (
			);
			dependencies = (
			);
			name = TestTableViewFromJsonApp;
			productName = TestTableViewFromJsonApp;
			productReference = 907D7E742A3B389700315F16 /* TestTableViewFromJsonApp.app */;
			productType = "com.apple.product-type.application";
		};
/* End PBXNativeTarget section */

/* Begin PBXProject section */
		907D7E6C2A3B389700315F16 /* Project object */ = {
			isa = PBXProject;
			attributes = {
				BuildIndependentTargetsInParallel = 1;
				LastSwiftUpdateCheck = 1430;
				LastUpgradeCheck = 1430;
				TargetAttributes = {
					907D7E732A3B389700315F16 = {
						CreatedOnToolsVersion = 14.3;
					};
				};
			};
			buildConfigurationList = 907D7E6F2A3B389700315F16 /* Build configuration list for PBXProject "TestTableViewFromJsonApp" */;
			compatibilityVersion = "Xcode 13.0";
			developmentRegion = en;
			hasScannedForEncodings = 0;
			knownRegions = (
				en,
				Base,
			);
			mainGroup = 907D7E6B2A3B389700315F16;
			productRefGroup = 907D7E752A3B389700315F16 /* Products */;
			projectDirPath = "";
			projectRoot = "";
			targets = (
				907D7E732A3B389700315F16 /* TestTableViewFromJsonApp */,
			);
		};
/* End PBXProject section */

/* Begin PBXResourcesBuildPhase section */
		907D7E722A3B389700315F16 /* Resources */ = {
			isa = PBXResourcesBuildPhase;
			buildActionMask = 2147483647;
			files = (
				907D7E842A3B389900315F16 /* LaunchScreen.storyboard in Resources */,
				907D7E812A3B389900315F16 /* Assets.xcassets in Resources */,
			);
			runOnlyForDeploymentPostprocessing = 0;
		};
/* End PBXResourcesBuildPhase section */

/* Begin PBXShellScriptBuildPhase section */
		234A63BD864F76F57A794E82 /* [CP] Check Pods Manifest.lock */ = {
			isa = PBXShellScriptBuildPhase;
			buildActionMask = 2147483647;
			files = (
			);
			inputFileListPaths = (
			);
			inputPaths = (
				"${PODS_PODFILE_DIR_PATH}/Podfile.lock",
				"${PODS_ROOT}/Manifest.lock",
			);
			name = "[CP] Check Pods Manifest.lock";
			outputFileListPaths = (
			);
			outputPaths = (
				"$(DERIVED_FILE_DIR)/Pods-TestTableViewFromJsonApp-checkManifestLockResult.txt",
			);
			runOnlyForDeploymentPostprocessing = 0;
			shellPath = /bin/sh;
			shellScript = "diff \"${PODS_PODFILE_DIR_PATH}/Podfile.lock\" \"${PODS_ROOT}/Manifest.lock\" > /dev/null\nif [ $? != 0 ] ; then\n    # print error to STDERR\n    echo \"error: The sandbox is not in sync with the Podfile.lock. Run 'pod install' or update your CocoaPods installation.\" >&2\n    exit 1\nfi\n# This output is used by Xcode 'outputs' to avoid re-running this script phase.\necho \"SUCCESS\" > \"${SCRIPT_OUTPUT_FILE_0}\"\n";
			showEnvVarsInLog = 0;
		};
		77097120A2DE20B7A9B8B3C6 /* [CP] Embed Pods Frameworks */ = {
			isa = PBXShellScriptBuildPhase;
			buildActionMask = 2147483647;
			files = (
			);
			inputFileListPaths = (
				"${PODS_ROOT}/Target Support Files/Pods-TestTableViewFromJsonApp/Pods-TestTableViewFromJsonApp-frameworks-${CONFIGURATION}-input-files.xcfilelist",
			);
			name = "[CP] Embed Pods Frameworks";
			outputFileListPaths = (
				"${PODS_ROOT}/Target Support Files/Pods-TestTableViewFromJsonApp/Pods-TestTableViewFromJsonApp-frameworks-${CONFIGURATION}-output-files.xcfilelist",
			);
			runOnlyForDeploymentPostprocessing = 0;
			shellPath = /bin/sh;
			shellScript = "\"${PODS_ROOT}/Target Support Files/Pods-TestTableViewFromJsonApp/Pods-TestTableViewFromJsonApp-frameworks.sh\"\n";
			showEnvVarsInLog = 0;
		};
/* End PBXShellScriptBuildPhase section */

/* Begin PBXSourcesBuildPhase section */
		907D7E702A3B389700315F16 /* Sources */ = {
			isa = PBXSourcesBuildPhase;
			buildActionMask = 2147483647;
			files = (
				90E3588A2A3B6E5C00776841 /* Constants.swift in Sources */,
				907D7E7C2A3B389700315F16 /* MainViewController.swift in Sources */,
				90452AB92A3BC64B00452B63 /* EmployeeResponseModel.swift in Sources */,
				907D7E782A3B389700315F16 /* AppDelegate.swift in Sources */,
				90E358872A3B54F700776841 /* NetworkManager.swift in Sources */,
				907D7E7A2A3B389700315F16 /* SceneDelegate.swift in Sources */,
			);
			runOnlyForDeploymentPostprocessing = 0;
		};
/* End PBXSourcesBuildPhase section */

/* Begin PBXVariantGroup section */
		907D7E822A3B389900315F16 /* LaunchScreen.storyboard */ = {
			isa = PBXVariantGroup;
			children = (
				907D7E832A3B389900315F16 /* Base */,
			);
			name = LaunchScreen.storyboard;
			sourceTree = "<group>";
		};
/* End PBXVariantGroup section */

/* Begin XCBuildConfiguration section */
		907D7E862A3B389900315F16 /* Debug */ = {
			isa = XCBuildConfiguration;
			buildSettings = {
				ALWAYS_SEARCH_USER_PATHS = NO;
				CLANG_ANALYZER_NONNULL = YES;
				CLANG_ANALYZER_NUMBER_OBJECT_CONVERSION = YES_AGGRESSIVE;
				CLANG_CXX_LANGUAGE_STANDARD = "gnu++20";
				CLANG_ENABLE_MODULES = YES;
				CLANG_ENABLE_OBJC_ARC = YES;
				CLANG_ENABLE_OBJC_WEAK = YES;
				CLANG_WARN_BLOCK_CAPTURE_AUTORELEASING = YES;
				CLANG_WARN_BOOL_CONVERSION = YES;
				CLANG_WARN_COMMA = YES;
				CLANG_WARN_CONSTANT_CONVERSION = YES;
				CLANG_WARN_DEPRECATED_OBJC_IMPLEMENTATIONS = YES;
				CLANG_WARN_DIRECT_OBJC_ISA_USAGE = YES_ERROR;
				CLANG_WARN_DOCUMENTATION_COMMENTS = YES;
				CLANG_WARN_EMPTY_BODY = YES;
				CLANG_WARN_ENUM_CONVERSION = YES;
				CLANG_WARN_INFINITE_RECURSION = YES;
				CLANG_WARN_INT_CONVERSION = YES;
				CLANG_WARN_NON_LITERAL_NULL_CONVERSION = YES;
				CLANG_WARN_OBJC_IMPLICIT_RETAIN_SELF = YES;
				CLANG_WARN_OBJC_LITERAL_CONVERSION = YES;
				CLANG_WARN_OBJC_ROOT_CLASS = YES_ERROR;
				CLANG_WARN_QUOTED_INCLUDE_IN_FRAMEWORK_HEADER = YES;
				CLANG_WARN_RANGE_LOOP_ANALYSIS = YES;
				CLANG_WARN_STRICT_PROTOTYPES = YES;
				CLANG_WARN_SUSPICIOUS_MOVE = YES;
				CLANG_WARN_UNGUARDED_AVAILABILITY = YES_AGGRESSIVE;
				CLANG_WARN_UNREACHABLE_CODE = YES;
				CLANG_WARN__DUPLICATE_METHOD_MATCH = YES;
				COPY_PHASE_STRIP = NO;
				DEBUG_INFORMATION_FORMAT = dwarf;
				ENABLE_STRICT_OBJC_MSGSEND = YES;
				ENABLE_TESTABILITY = YES;
				GCC_C_LANGUAGE_STANDARD = gnu11;
				GCC_DYNAMIC_NO_PIC = NO;
				GCC_NO_COMMON_BLOCKS = YES;
				GCC_OPTIMIZATION_LEVEL = 0;
				GCC_PREPROCESSOR_DEFINITIONS = (
					"DEBUG=1",
					"$(inherited)",
				);
				GCC_WARN_64_TO_32_BIT_CONVERSION = YES;
				GCC_WARN_ABOUT_RETURN_TYPE = YES_ERROR;
				GCC_WARN_UNDECLARED_SELECTOR = YES;
				GCC_WARN_UNINITIALIZED_AUTOS = YES_AGGRESSIVE;
				GCC_WARN_UNUSED_FUNCTION = YES;
				GCC_WARN_UNUSED_VARIABLE = YES;
				IPHONEOS_DEPLOYMENT_TARGET = 13.0;
				MTL_ENABLE_DEBUG_INFO = INCLUDE_SOURCE;
				MTL_FAST_MATH = YES;
				ONLY_ACTIVE_ARCH = YES;
				SDKROOT = iphoneos;
				SWIFT_ACTIVE_COMPILATION_CONDITIONS = DEBUG;
				SWIFT_OPTIMIZATION_LEVEL = "-Onone";
			};
			name = Debug;
		};
		907D7E872A3B389900315F16 /* Release */ = {
			isa = XCBuildConfiguration;
			buildSettings = {
				ALWAYS_SEARCH_USER_PATHS = NO;
				CLANG_ANALYZER_NONNULL = YES;
				CLANG_ANALYZER_NUMBER_OBJECT_CONVERSION = YES_AGGRESSIVE;
				CLANG_CXX_LANGUAGE_STANDARD = "gnu++20";
				CLANG_ENABLE_MODULES = YES;
				CLANG_ENABLE_OBJC_ARC = YES;
				CLANG_ENABLE_OBJC_WEAK = YES;
				CLANG_WARN_BLOCK_CAPTURE_AUTORELEASING = YES;
				CLANG_WARN_BOOL_CONVERSION = YES;
				CLANG_WARN_COMMA = YES;
				CLANG_WARN_CONSTANT_CONVERSION = YES;
				CLANG_WARN_DEPRECATED_OBJC_IMPLEMENTATIONS = YES;
				CLANG_WARN_DIRECT_OBJC_ISA_USAGE = YES_ERROR;
				CLANG_WARN_DOCUMENTATION_COMMENTS = YES;
				CLANG_WARN_EMPTY_BODY = YES;
				CLANG_WARN_ENUM_CONVERSION = YES;
				CLANG_WARN_INFINITE_RECURSION = YES;
				CLANG_WARN_INT_CONVERSION = YES;
				CLANG_WARN_NON_LITERAL_NULL_CONVERSION = YES;
				CLANG_WARN_OBJC_IMPLICIT_RETAIN_SELF = YES;
				CLANG_WARN_OBJC_LITERAL_CONVERSION = YES;
				CLANG_WARN_OBJC_ROOT_CLASS = YES_ERROR;
				CLANG_WARN_QUOTED_INCLUDE_IN_FRAMEWORK_HEADER = YES;
				CLANG_WARN_RANGE_LOOP_ANALYSIS = YES;
				CLANG_WARN_STRICT_PROTOTYPES = YES;
				CLANG_WARN_SUSPICIOUS_MOVE = YES;
				CLANG_WARN_UNGUARDED_AVAILABILITY = YES_AGGRESSIVE;
				CLANG_WARN_UNREACHABLE_CODE = YES;
				CLANG_WARN__DUPLICATE_METHOD_MATCH = YES;
				COPY_PHASE_STRIP = NO;
				DEBUG_INFORMATION_FORMAT = "dwarf-with-dsym";
				ENABLE_NS_ASSERTIONS = NO;
				ENABLE_STRICT_OBJC_MSGSEND = YES;
				GCC_C_LANGUAGE_STANDARD = gnu11;
				GCC_NO_COMMON_BLOCKS = YES;
				GCC_WARN_64_TO_32_BIT_CONVERSION = YES;
				GCC_WARN_ABOUT_RETURN_TYPE = YES_ERROR;
				GCC_WARN_UNDECLARED_SELECTOR = YES;
				GCC_WARN_UNINITIALIZED_AUTOS = YES_AGGRESSIVE;
				GCC_WARN_UNUSED_FUNCTION = YES;
				GCC_WARN_UNUSED_VARIABLE = YES;
				IPHONEOS_DEPLOYMENT_TARGET = 13.0;
				MTL_ENABLE_DEBUG_INFO = NO;
				MTL_FAST_MATH = YES;
				SDKROOT = iphoneos;
				SWIFT_COMPILATION_MODE = wholemodule;
				SWIFT_OPTIMIZATION_LEVEL = "-O";
				VALIDATE_PRODUCT = YES;
			};
			name = Release;
		};
		907D7E892A3B389900315F16 /* Debug */ = {
			isa = XCBuildConfiguration;
			baseConfigurationReference = A26D6611EBFC02256DBDF2DA /* Pods-TestTableViewFromJsonApp.debug.xcconfig */;
			buildSettings = {
				ASSETCATALOG_COMPILER_APPICON_NAME = AppIcon;
				ASSETCATALOG_COMPILER_GLOBAL_ACCENT_COLOR_NAME = AccentColor;
				ASSETCATALOG_COMPILER_INCLUDE_ALL_APPICON_ASSETS = NO;
				CODE_SIGN_STYLE = Automatic;
				CURRENT_PROJECT_VERSION = 1;
				DEVELOPMENT_TEAM = F537M69Z9J;
				GENERATE_INFOPLIST_FILE = YES;
				INFOPLIST_FILE = TestTableViewFromJsonApp/Resources/Info.plist;
				INFOPLIST_KEY_CFBundleDisplayName = MyTable;
				INFOPLIST_KEY_UIApplicationSupportsIndirectInputEvents = YES;
				INFOPLIST_KEY_UILaunchStoryboardName = LaunchScreen;
				INFOPLIST_KEY_UISupportedInterfaceOrientations_iPad = "UIInterfaceOrientationPortrait UIInterfaceOrientationPortraitUpsideDown UIInterfaceOrientationLandscapeLeft UIInterfaceOrientationLandscapeRight";
				INFOPLIST_KEY_UISupportedInterfaceOrientations_iPhone = "UIInterfaceOrientationPortrait UIInterfaceOrientationLandscapeLeft UIInterfaceOrientationLandscapeRight";
				LD_RUNPATH_SEARCH_PATHS = (
					"$(inherited)",
					"@executable_path/Frameworks",
				);
				MARKETING_VERSION = 1.0;
				PRODUCT_BUNDLE_IDENTIFIER = malaschenko.TestTableViewFromJsonApp;
				PRODUCT_NAME = "$(TARGET_NAME)";
				SWIFT_EMIT_LOC_STRINGS = YES;
				SWIFT_VERSION = 5.0;
				TARGETED_DEVICE_FAMILY = "1,2";
			};
			name = Debug;
		};
		907D7E8A2A3B389900315F16 /* Release */ = {
			isa = XCBuildConfiguration;
			baseConfigurationReference = 76BB3714EC712F873824FFCC /* Pods-TestTableViewFromJsonApp.release.xcconfig */;
			buildSettings = {
				ASSETCATALOG_COMPILER_APPICON_NAME = AppIcon;
				ASSETCATALOG_COMPILER_GLOBAL_ACCENT_COLOR_NAME = AccentColor;
				ASSETCATALOG_COMPILER_INCLUDE_ALL_APPICON_ASSETS = NO;
				CODE_SIGN_STYLE = Automatic;
				CURRENT_PROJECT_VERSION = 1;
				DEVELOPMENT_TEAM = F537M69Z9J;
				GENERATE_INFOPLIST_FILE = YES;
				INFOPLIST_FILE = TestTableViewFromJsonApp/Resources/Info.plist;
				INFOPLIST_KEY_CFBundleDisplayName = MyTable;
				INFOPLIST_KEY_UIApplicationSupportsIndirectInputEvents = YES;
				INFOPLIST_KEY_UILaunchStoryboardName = LaunchScreen;
				INFOPLIST_KEY_UISupportedInterfaceOrientations_iPad = "UIInterfaceOrientationPortrait UIInterfaceOrientationPortraitUpsideDown UIInterfaceOrientationLandscapeLeft UIInterfaceOrientationLandscapeRight";
				INFOPLIST_KEY_UISupportedInterfaceOrientations_iPhone = "UIInterfaceOrientationPortrait UIInterfaceOrientationLandscapeLeft UIInterfaceOrientationLandscapeRight";
				LD_RUNPATH_SEARCH_PATHS = (
					"$(inherited)",
					"@executable_path/Frameworks",
				);
				MARKETING_VERSION = 1.0;
				PRODUCT_BUNDLE_IDENTIFIER = malaschenko.TestTableViewFromJsonApp;
				PRODUCT_NAME = "$(TARGET_NAME)";
				SWIFT_EMIT_LOC_STRINGS = YES;
				SWIFT_VERSION = 5.0;
				TARGETED_DEVICE_FAMILY = "1,2";
			};
			name = Release;
		};
/* End XCBuildConfiguration section */

/* Begin XCConfigurationList section */
		907D7E6F2A3B389700315F16 /* Build configuration list for PBXProject "TestTableViewFromJsonApp" */ = {
			isa = XCConfigurationList;
			buildConfigurations = (
				907D7E862A3B389900315F16 /* Debug */,
				907D7E872A3B389900315F16 /* Release */,
			);
			defaultConfigurationIsVisible = 0;
			defaultConfigurationName = Release;
		};
		907D7E882A3B389900315F16 /* Build configuration list for PBXNativeTarget "TestTableViewFromJsonApp" */ = {
			isa = XCConfigurationList;
			buildConfigurations = (
				907D7E892A3B389900315F16 /* Debug */,
				907D7E8A2A3B389900315F16 /* Release */,
			);
			defaultConfigurationIsVisible = 0;
			defaultConfigurationName = Release;
		};
/* End XCConfigurationList section */
	};
	rootObject = 907D7E6C2A3B389700315F16 /* Project object */;
}
